// !$*UTF8*$!
{
	archiveVersion = 1;
	classes = {
	};
	objectVersion = 50;
	objects = {

/* Begin PBXBuildFile section */
		A41D06A122BD7624004C045C /* AppDelegate.swift in Sources */ = {isa = PBXBuildFile; fileRef = A41D06A022BD7624004C045C /* AppDelegate.swift */; };
		A41D06A622BD7624004C045C /* Main.storyboard in Resources */ = {isa = PBXBuildFile; fileRef = A41D06A422BD7624004C045C /* Main.storyboard */; };
		A41D06A922BD7624004C045C /* NewShoppingList.xcdatamodeld in Sources */ = {isa = PBXBuildFile; fileRef = A41D06A722BD7624004C045C /* NewShoppingList.xcdatamodeld */; };
		A41D06AB22BD7625004C045C /* Assets.xcassets in Resources */ = {isa = PBXBuildFile; fileRef = A41D06AA22BD7625004C045C /* Assets.xcassets */; };
		A41D06AE22BD7625004C045C /* LaunchScreen.storyboard in Resources */ = {isa = PBXBuildFile; fileRef = A41D06AC22BD7625004C045C /* LaunchScreen.storyboard */; };
		A41D06B922BD77DA004C045C /* CoreDataStack.swift in Sources */ = {isa = PBXBuildFile; fileRef = A41D06B822BD77DA004C045C /* CoreDataStack.swift */; };
		A41D06BB22BD7809004C045C /* NewShoppingList+Convenience.swift in Sources */ = {isa = PBXBuildFile; fileRef = A41D06BA22BD7809004C045C /* NewShoppingList+Convenience.swift */; };
		A41D06BF22BD792C004C045C /* NewShoppingListController.swift in Sources */ = {isa = PBXBuildFile; fileRef = A41D06BE22BD792C004C045C /* NewShoppingListController.swift */; };
		A41D06C122BD7A09004C045C /* ShoppingListTableViewController.swift in Sources */ = {isa = PBXBuildFile; fileRef = A41D06C022BD7A09004C045C /* ShoppingListTableViewController.swift */; };
		A41D06C322BD7A52004C045C /* ButtonTableViewCell.swift in Sources */ = {isa = PBXBuildFile; fileRef = A41D06C222BD7A52004C045C /* ButtonTableViewCell.swift */; };
/* End PBXBuildFile section */

/* Begin PBXFileReference section */
		A41D069D22BD7624004C045C /* NewShoppingList.app */ = {isa = PBXFileReference; explicitFileType = wrapper.application; includeInIndex = 0; path = NewShoppingList.app; sourceTree = BUILT_PRODUCTS_DIR; };
		A41D06A022BD7624004C045C /* AppDelegate.swift */ = {isa = PBXFileReference; lastKnownFileType = sourcecode.swift; path = AppDelegate.swift; sourceTree = "<group>"; };
		A41D06A522BD7624004C045C /* Base */ = {isa = PBXFileReference; lastKnownFileType = file.storyboard; name = Base; path = Base.lproj/Main.storyboard; sourceTree = "<group>"; };
		A41D06A822BD7624004C045C /* NewShoppingList.xcdatamodel */ = {isa = PBXFileReference; lastKnownFileType = wrapper.xcdatamodel; path = NewShoppingList.xcdatamodel; sourceTree = "<group>"; };
		A41D06AA22BD7625004C045C /* Assets.xcassets */ = {isa = PBXFileReference; lastKnownFileType = folder.assetcatalog; path = Assets.xcassets; sourceTree = "<group>"; };
		A41D06AD22BD7625004C045C /* Base */ = {isa = PBXFileReference; lastKnownFileType = file.storyboard; name = Base; path = Base.lproj/LaunchScreen.storyboard; sourceTree = "<group>"; };
		A41D06AF22BD7625004C045C /* Info.plist */ = {isa = PBXFileReference; lastKnownFileType = text.plist.xml; path = Info.plist; sourceTree = "<group>"; };
		A41D06B822BD77DA004C045C /* CoreDataStack.swift */ = {isa = PBXFileReference; lastKnownFileType = sourcecode.swift; path = CoreDataStack.swift; sourceTree = "<group>"; };
		A41D06BA22BD7809004C045C /* NewShoppingList+Convenience.swift */ = {isa = PBXFileReference; lastKnownFileType = sourcecode.swift; path = "NewShoppingList+Convenience.swift"; sourceTree = "<group>"; };
		A41D06BE22BD792C004C045C /* NewShoppingListController.swift */ = {isa = PBXFileReference; lastKnownFileType = sourcecode.swift; path = NewShoppingListController.swift; sourceTree = "<group>"; };
		A41D06C022BD7A09004C045C /* ShoppingListTableViewController.swift */ = {isa = PBXFileReference; lastKnownFileType = sourcecode.swift; path = ShoppingListTableViewController.swift; sourceTree = "<group>"; };
		A41D06C222BD7A52004C045C /* ButtonTableViewCell.swift */ = {isa = PBXFileReference; lastKnownFileType = sourcecode.swift; path = ButtonTableViewCell.swift; sourceTree = "<group>"; };
/* End PBXFileReference section */

/* Begin PBXFrameworksBuildPhase section */
		A41D069A22BD7624004C045C /* Frameworks */ = {
			isa = PBXFrameworksBuildPhase;
			buildActionMask = 2147483647;
			files = (
			);
			runOnlyForDeploymentPostprocessing = 0;
		};
/* End PBXFrameworksBuildPhase section */

/* Begin PBXGroup section */
		A41D069422BD7624004C045C = {
			isa = PBXGroup;
			children = (
				A41D069F22BD7624004C045C /* NewShoppingList */,
				A41D069E22BD7624004C045C /* Products */,
			);
			sourceTree = "<group>";
		};
		A41D069E22BD7624004C045C /* Products */ = {
			isa = PBXGroup;
			children = (
				A41D069D22BD7624004C045C /* NewShoppingList.app */,
			);
			name = Products;
			sourceTree = "<group>";
		};
		A41D069F22BD7624004C045C /* NewShoppingList */ = {
			isa = PBXGroup;
			children = (
				A41D06B722BD76DA004C045C /* Model */,
				A41D06B622BD76D0004C045C /* View */,
				A41D06B522BD76C0004C045C /* Controller */,
				A41D06C422BD7AA1004C045C /* Resources */,
			);
			path = NewShoppingList;
			sourceTree = "<group>";
		};
		A41D06B522BD76C0004C045C /* Controller */ = {
			isa = PBXGroup;
			children = (
				A41D06BD22BD7903004C045C /* Model Controller */,
				A41D06BC22BD78F8004C045C /* View Controller */,
			);
			path = Controller;
			sourceTree = "<group>";
		};
		A41D06B622BD76D0004C045C /* View */ = {
			isa = PBXGroup;
			children = (
				A41D06A422BD7624004C045C /* Main.storyboard */,
			);
			path = View;
			sourceTree = "<group>";
		};
		A41D06B722BD76DA004C045C /* Model */ = {
			isa = PBXGroup;
			children = (
				A41D06A722BD7624004C045C /* NewShoppingList.xcdatamodeld */,
				A41D06B822BD77DA004C045C /* CoreDataStack.swift */,
				A41D06BA22BD7809004C045C /* NewShoppingList+Convenience.swift */,
			);
			path = Model;
			sourceTree = "<group>";
		};
		A41D06BC22BD78F8004C045C /* View Controller */ = {
			isa = PBXGroup;
			children = (
				A41D06C022BD7A09004C045C /* ShoppingListTableViewController.swift */,
				A41D06C222BD7A52004C045C /* ButtonTableViewCell.swift */,
			);
			path = "View Controller";
			sourceTree = "<group>";
		};
		A41D06BD22BD7903004C045C /* Model Controller */ = {
			isa = PBXGroup;
			children = (
				A41D06BE22BD792C004C045C /* NewShoppingListController.swift */,
			);
			path = "Model Controller";
			sourceTree = "<group>";
		};
		A41D06C422BD7AA1004C045C /* Resources */ = {
			isa = PBXGroup;
			children = (
				A41D06A022BD7624004C045C /* AppDelegate.swift */,
				A41D06AA22BD7625004C045C /* Assets.xcassets */,
				A41D06AC22BD7625004C045C /* LaunchScreen.storyboard */,
				A41D06AF22BD7625004C045C /* Info.plist */,
			);
			path = Resources;
			sourceTree = "<group>";
		};
/* End PBXGroup section */

/* Begin PBXNativeTarget section */
		A41D069C22BD7624004C045C /* NewShoppingList */ = {
			isa = PBXNativeTarget;
			buildConfigurationList = A41D06B222BD7625004C045C /* Build configuration list for PBXNativeTarget "NewShoppingList" */;
			buildPhases = (
				A41D069922BD7624004C045C /* Sources */,
				A41D069A22BD7624004C045C /* Frameworks */,
				A41D069B22BD7624004C045C /* Resources */,
			);
			buildRules = (
			);
			dependencies = (
			);
			name = NewShoppingList;
			productName = NewShoppingList;
			productReference = A41D069D22BD7624004C045C /* NewShoppingList.app */;
			productType = "com.apple.product-type.application";
		};
/* End PBXNativeTarget section */

/* Begin PBXProject section */
		A41D069522BD7624004C045C /* Project object */ = {
			isa = PBXProject;
			attributes = {
				LastSwiftUpdateCheck = 1020;
				LastUpgradeCheck = 1020;
				ORGANIZATIONNAME = "Jason Mandozzi";
				TargetAttributes = {
					A41D069C22BD7624004C045C = {
						CreatedOnToolsVersion = 10.2.1;
					};
				};
			};
			buildConfigurationList = A41D069822BD7624004C045C /* Build configuration list for PBXProject "NewShoppingList" */;
			compatibilityVersion = "Xcode 9.3";
			developmentRegion = en;
			hasScannedForEncodings = 0;
			knownRegions = (
				en,
				Base,
			);
			mainGroup = A41D069422BD7624004C045C;
			productRefGroup = A41D069E22BD7624004C045C /* Products */;
			projectDirPath = "";
			projectRoot = "";
			targets = (
				A41D069C22BD7624004C045C /* NewShoppingList */,
			);
		};
/* End PBXProject section */

/* Begin PBXResourcesBuildPhase section */
		A41D069B22BD7624004C045C /* Resources */ = {
			isa = PBXResourcesBuildPhase;
			buildActionMask = 2147483647;
			files = (
				A41D06AE22BD7625004C045C /* LaunchScreen.storyboard in Resources */,
				A41D06AB22BD7625004C045C /* Assets.xcassets in Resources */,
				A41D06A622BD7624004C045C /* Main.storyboard in Resources */,
			);
			runOnlyForDeploymentPostprocessing = 0;
		};
/* End PBXResourcesBuildPhase section */

/* Begin PBXSourcesBuildPhase section */
		A41D069922BD7624004C045C /* Sources */ = {
			isa = PBXSourcesBuildPhase;
			buildActionMask = 2147483647;
			files = (
				A41D06B922BD77DA004C045C /* CoreDataStack.swift in Sources */,
				A41D06A922BD7624004C045C /* NewShoppingList.xcdatamodeld in Sources */,
				A41D06BF22BD792C004C045C /* NewShoppingListController.swift in Sources */,
				A41D06BB22BD7809004C045C /* NewShoppingList+Convenience.swift in Sources */,
				A41D06A122BD7624004C045C /* AppDelegate.swift in Sources */,
				A41D06C322BD7A52004C045C /* ButtonTableViewCell.swift in Sources */,
				A41D06C122BD7A09004C045C /* ShoppingListTableViewController.swift in Sources */,
			);
			runOnlyForDeploymentPostprocessing = 0;
		};
/* End PBXSourcesBuildPhase section */

/* Begin PBXVariantGroup section */
		A41D06A422BD7624004C045C /* Main.storyboard */ = {
			isa = PBXVariantGroup;
			children = (
				A41D06A522BD7624004C045C /* Base */,
			);
			name = Main.storyboard;
			sourceTree = "<group>";
		};
		A41D06AC22BD7625004C045C /* LaunchScreen.storyboard */ = {
			isa = PBXVariantGroup;
			children = (
				A41D06AD22BD7625004C045C /* Base */,
			);
			name = LaunchScreen.storyboard;
			sourceTree = "<group>";
		};
/* End PBXVariantGroup section */

/* Begin XCBuildConfiguration section */
		A41D06B022BD7625004C045C /* Debug */ = {
			isa = XCBuildConfiguration;
			buildSettings = {
				ALWAYS_SEARCH_USER_PATHS = NO;
				CLANG_ANALYZER_NONNULL = YES;
				CLANG_ANALYZER_NUMBER_OBJECT_CONVERSION = YES_AGGRESSIVE;
				CLANG_CXX_LANGUAGE_STANDARD = "gnu++14";
				CLANG_CXX_LIBRARY = "libc++";
				CLANG_ENABLE_MODULES = YES;
				CLANG_ENABLE_OBJC_ARC = YES;
				CLANG_ENABLE_OBJC_WEAK = YES;
				CLANG_WARN_BLOCK_CAPTURE_AUTORELEASING = YES;
				CLANG_WARN_BOOL_CONVERSION = YES;
				CLANG_WARN_COMMA = YES;
				CLANG_WARN_CONSTANT_CONVERSION = YES;
				CLANG_WARN_DEPRECATED_OBJC_IMPLEMENTATIONS = YES;
				CLANG_WARN_DIRECT_OBJC_ISA_USAGE = YES_ERROR;
				CLANG_WARN_DOCUMENTATION_COMMENTS = YES;
				CLANG_WARN_EMPTY_BODY = YES;
				CLANG_WARN_ENUM_CONVERSION = YES;
				CLANG_WARN_INFINITE_RECURSION = YES;
				CLANG_WARN_INT_CONVERSION = YES;
				CLANG_WARN_NON_LITERAL_NULL_CONVERSION = YES;
				CLANG_WARN_OBJC_IMPLICIT_RETAIN_SELF = YES;
				CLANG_WARN_OBJC_LITERAL_CONVERSION = YES;
				CLANG_WARN_OBJC_ROOT_CLASS = YES_ERROR;
				CLANG_WARN_RANGE_LOOP_ANALYSIS = YES;
				CLANG_WARN_STRICT_PROTOTYPES = YES;
				CLANG_WARN_SUSPICIOUS_MOVE = YES;
				CLANG_WARN_UNGUARDED_AVAILABILITY = YES_AGGRESSIVE;
				CLANG_WARN_UNREACHABLE_CODE = YES;
				CLANG_WARN__DUPLICATE_METHOD_MATCH = YES;
				CODE_SIGN_IDENTITY = "iPhone Developer";
				COPY_PHASE_STRIP = NO;
				DEBUG_INFORMATION_FORMAT = dwarf;
				ENABLE_STRICT_OBJC_MSGSEND = YES;
				ENABLE_TESTABILITY = YES;
				GCC_C_LANGUAGE_STANDARD = gnu11;
				GCC_DYNAMIC_NO_PIC = NO;
				GCC_NO_COMMON_BLOCKS = YES;
				GCC_OPTIMIZATION_LEVEL = 0;
				GCC_PREPROCESSOR_DEFINITIONS = (
					"DEBUG=1",
					"$(inherited)",
				);
				GCC_WARN_64_TO_32_BIT_CONVERSION = YES;
				GCC_WARN_ABOUT_RETURN_TYPE = YES_ERROR;
				GCC_WARN_UNDECLARED_SELECTOR = YES;
				GCC_WARN_UNINITIALIZED_AUTOS = YES_AGGRESSIVE;
				GCC_WARN_UNUSED_FUNCTION = YES;
				GCC_WARN_UNUSED_VARIABLE = YES;
				IPHONEOS_DEPLOYMENT_TARGET = 12.2;
				MTL_ENABLE_DEBUG_INFO = INCLUDE_SOURCE;
				MTL_FAST_MATH = YES;
				ONLY_ACTIVE_ARCH = YES;
				SDKROOT = iphoneos;
				SWIFT_ACTIVE_COMPILATION_CONDITIONS = DEBUG;
				SWIFT_OPTIMIZATION_LEVEL = "-Onone";
			};
			name = Debug;
		};
		A41D06B122BD7625004C045C /* Release */ = {
			isa = XCBuildConfiguration;
			buildSettings = {
				ALWAYS_SEARCH_USER_PATHS = NO;
				CLANG_ANALYZER_NONNULL = YES;
				CLANG_ANALYZER_NUMBER_OBJECT_CONVERSION = YES_AGGRESSIVE;
				CLANG_CXX_LANGUAGE_STANDARD = "gnu++14";
				CLANG_CXX_LIBRARY = "libc++";
				CLANG_ENABLE_MODULES = YES;
				CLANG_ENABLE_OBJC_ARC = YES;
				CLANG_ENABLE_OBJC_WEAK = YES;
				CLANG_WARN_BLOCK_CAPTURE_AUTORELEASING = YES;
				CLANG_WARN_BOOL_CONVERSION = YES;
				CLANG_WARN_COMMA = YES;
				CLANG_WARN_CONSTANT_CONVERSION = YES;
				CLANG_WARN_DEPRECATED_OBJC_IMPLEMENTATIONS = YES;
				CLANG_WARN_DIRECT_OBJC_ISA_USAGE = YES_ERROR;
				CLANG_WARN_DOCUMENTATION_COMMENTS = YES;
				CLANG_WARN_EMPTY_BODY = YES;
				CLANG_WARN_ENUM_CONVERSION = YES;
				CLANG_WARN_INFINITE_RECURSION = YES;
				CLANG_WARN_INT_CONVERSION = YES;
				CLANG_WARN_NON_LITERAL_NULL_CONVERSION = YES;
				CLANG_WARN_OBJC_IMPLICIT_RETAIN_SELF = YES;
				CLANG_WARN_OBJC_LITERAL_CONVERSION = YES;
				CLANG_WARN_OBJC_ROOT_CLASS = YES_ERROR;
				CLANG_WARN_RANGE_LOOP_ANALYSIS = YES;
				CLANG_WARN_STRICT_PROTOTYPES = YES;
				CLANG_WARN_SUSPICIOUS_MOVE = YES;
				CLANG_WARN_UNGUARDED_AVAILABILITY = YES_AGGRESSIVE;
				CLANG_WARN_UNREACHABLE_CODE = YES;
				CLANG_WARN__DUPLICATE_METHOD_MATCH = YES;
				CODE_SIGN_IDENTITY = "iPhone Developer";
				COPY_PHASE_STRIP = NO;
				DEBUG_INFORMATION_FORMAT = "dwarf-with-dsym";
				ENABLE_NS_ASSERTIONS = NO;
				ENABLE_STRICT_OBJC_MSGSEND = YES;
				GCC_C_LANGUAGE_STANDARD = gnu11;
				GCC_NO_COMMON_BLOCKS = YES;
				GCC_WARN_64_TO_32_BIT_CONVERSION = YES;
				GCC_WARN_ABOUT_RETURN_TYPE = YES_ERROR;
				GCC_WARN_UNDECLARED_SELECTOR = YES;
				GCC_WARN_UNINITIALIZED_AUTOS = YES_AGGRESSIVE;
				GCC_WARN_UNUSED_FUNCTION = YES;
				GCC_WARN_UNUSED_VARIABLE = YES;
				IPHONEOS_DEPLOYMENT_TARGET = 12.2;
				MTL_ENABLE_DEBUG_INFO = NO;
				MTL_FAST_MATH = YES;
				SDKROOT = iphoneos;
				SWIFT_COMPILATION_MODE = wholemodule;
				SWIFT_OPTIMIZATION_LEVEL = "-O";
				VALIDATE_PRODUCT = YES;
			};
			name = Release;
		};
		A41D06B322BD7625004C045C /* Debug */ = {
			isa = XCBuildConfiguration;
			buildSettings = {
				ASSETCATALOG_COMPILER_APPICON_NAME = AppIcon;
				CODE_SIGN_STYLE = Automatic;
				DEVELOPMENT_TEAM = 3ZLX8VSJT3;
				INFOPLIST_FILE = "$(SRCROOT)/NewShoppingList/Resources/Info.plist";
				LD_RUNPATH_SEARCH_PATHS = (
					"$(inherited)",
					"@executable_path/Frameworks",
				);
				PRODUCT_BUNDLE_IDENTIFIER = com.jasonbmandozzi.NewShoppingList;
				PRODUCT_NAME = "$(TARGET_NAME)";
				SWIFT_VERSION = 5.0;
				TARGETED_DEVICE_FAMILY = "1,2";
			};
			name = Debug;
		};
		A41D06B422BD7625004C045C /* Release */ = {
			isa = XCBuildConfiguration;
			buildSettings = {
				ASSETCATALOG_COMPILER_APPICON_NAME = AppIcon;
				CODE_SIGN_STYLE = Automatic;
				DEVELOPMENT_TEAM = 3ZLX8VSJT3;
				INFOPLIST_FILE = "$(SRCROOT)/NewShoppingList/Resources/Info.plist";
				LD_RUNPATH_SEARCH_PATHS = (
					"$(inherited)",
					"@executable_path/Frameworks",
				);
				PRODUCT_BUNDLE_IDENTIFIER = com.jasonbmandozzi.NewShoppingList;
				PRODUCT_NAME = "$(TARGET_NAME)";
				SWIFT_VERSION = 5.0;
				TARGETED_DEVICE_FAMILY = "1,2";
			};
			name = Release;
		};
/* End XCBuildConfiguration section */

/* Begin XCConfigurationList section */
		A41D069822BD7624004C045C /* Build configuration list for PBXProject "NewShoppingList" */ = {
			isa = XCConfigurationList;
			buildConfigurations = (
				A41D06B022BD7625004C045C /* Debug */,
				A41D06B122BD7625004C045C /* Release */,
			);
			defaultConfigurationIsVisible = 0;
			defaultConfigurationName = Release;
		};
		A41D06B222BD7625004C045C /* Build configuration list for PBXNativeTarget "NewShoppingList" */ = {
			isa = XCConfigurationList;
			buildConfigurations = (
				A41D06B322BD7625004C045C /* Debug */,
				A41D06B422BD7625004C045C /* Release */,
			);
			defaultConfigurationIsVisible = 0;
			defaultConfigurationName = Release;
		};
/* End XCConfigurationList section */

/* Begin XCVersionGroup section */
		A41D06A722BD7624004C045C /* NewShoppingList.xcdatamodeld */ = {
			isa = XCVersionGroup;
			children = (
				A41D06A822BD7624004C045C /* NewShoppingList.xcdatamodel */,
			);
			currentVersion = A41D06A822BD7624004C045C /* NewShoppingList.xcdatamodel */;
			path = NewShoppingList.xcdatamodeld;
			sourceTree = "<group>";
			versionGroupType = wrapper.xcdatamodel;
		};
/* End XCVersionGroup section */
	};
	rootObject = A41D069522BD7624004C045C /* Project object */;
}
